// !$*UTF8*$!
{
	archiveVersion = 1;
	classes = {
	};
	objectVersion = 50;
	objects = {

/* Begin PBXBuildFile section */
		691D3637A38CD3CA0AD7B722 /* Pods_RxMVVM2.framework in Frameworks */ = {isa = PBXBuildFile; fileRef = B6AB296B330D3AB6F12EB4BA /* Pods_RxMVVM2.framework */; };
		DE95D9EC20DC388F003BCB02 /* AppDelegate.swift in Sources */ = {isa = PBXBuildFile; fileRef = DE95D9EB20DC388F003BCB02 /* AppDelegate.swift */; };
		DE95D9EE20DC388F003BCB02 /* ViewController.swift in Sources */ = {isa = PBXBuildFile; fileRef = DE95D9ED20DC388F003BCB02 /* ViewController.swift */; };
		DE95D9F120DC388F003BCB02 /* Main.storyboard in Resources */ = {isa = PBXBuildFile; fileRef = DE95D9EF20DC388F003BCB02 /* Main.storyboard */; };
		DE95D9F320DC3890003BCB02 /* Assets.xcassets in Resources */ = {isa = PBXBuildFile; fileRef = DE95D9F220DC3890003BCB02 /* Assets.xcassets */; };
		DE95D9F620DC3890003BCB02 /* LaunchScreen.storyboard in Resources */ = {isa = PBXBuildFile; fileRef = DE95D9F420DC3890003BCB02 /* LaunchScreen.storyboard */; };
		DE95DA0120DC3890003BCB02 /* RxMVVM2Tests.swift in Sources */ = {isa = PBXBuildFile; fileRef = DE95DA0020DC3890003BCB02 /* RxMVVM2Tests.swift */; };
		DE95DA0C20DC3890003BCB02 /* RxMVVM2UITests.swift in Sources */ = {isa = PBXBuildFile; fileRef = DE95DA0B20DC3890003BCB02 /* RxMVVM2UITests.swift */; };
		DEB405CB20DC5FC200E8CAB4 /* TodoViewModel.swift in Sources */ = {isa = PBXBuildFile; fileRef = DEB405CA20DC5FC200E8CAB4 /* TodoViewModel.swift */; };
		DEB405CE20DC634B00E8CAB4 /* TodoItemTableViewCell.swift in Sources */ = {isa = PBXBuildFile; fileRef = DEB405CC20DC634B00E8CAB4 /* TodoItemTableViewCell.swift */; };
		DEB405CF20DC634B00E8CAB4 /* TodoItemTableViewCell.xib in Resources */ = {isa = PBXBuildFile; fileRef = DEB405CD20DC634B00E8CAB4 /* TodoItemTableViewCell.xib */; };
		DEBFE41220DD773F00283934 /* StringExtensions.swift in Sources */ = {isa = PBXBuildFile; fileRef = DEBFE41120DD773F00283934 /* StringExtensions.swift */; };
		EF60852BB164E13FCF40242D /* Pods_RxMVVM2Tests.framework in Frameworks */ = {isa = PBXBuildFile; fileRef = 7C0428A1D586BCE19A8ECD27 /* Pods_RxMVVM2Tests.framework */; };
		F4082E1FBC7D50E4F37F22D5 /* Pods_RxMVVM2UITests.framework in Frameworks */ = {isa = PBXBuildFile; fileRef = 11EEE2EF625FB9C5A9508E5A /* Pods_RxMVVM2UITests.framework */; };
/* End PBXBuildFile section */

/* Begin PBXContainerItemProxy section */
		DE95D9FD20DC3890003BCB02 /* PBXContainerItemProxy */ = {
			isa = PBXContainerItemProxy;
			containerPortal = DE95D9E020DC388F003BCB02 /* Project object */;
			proxyType = 1;
			remoteGlobalIDString = DE95D9E720DC388F003BCB02;
			remoteInfo = RxMVVM2;
		};
		DE95DA0820DC3890003BCB02 /* PBXContainerItemProxy */ = {
			isa = PBXContainerItemProxy;
			containerPortal = DE95D9E020DC388F003BCB02 /* Project object */;
			proxyType = 1;
			remoteGlobalIDString = DE95D9E720DC388F003BCB02;
			remoteInfo = RxMVVM2;
		};
/* End PBXContainerItemProxy section */

/* Begin PBXFileReference section */
		0CC2D74ADAE204BD76E75D93 /* Pods-RxMVVM2.debug.xcconfig */ = {isa = PBXFileReference; includeInIndex = 1; lastKnownFileType = text.xcconfig; name = "Pods-RxMVVM2.debug.xcconfig"; path = "Pods/Target Support Files/Pods-RxMVVM2/Pods-RxMVVM2.debug.xcconfig"; sourceTree = "<group>"; };
		11EEE2EF625FB9C5A9508E5A /* Pods_RxMVVM2UITests.framework */ = {isa = PBXFileReference; explicitFileType = wrapper.framework; includeInIndex = 0; path = Pods_RxMVVM2UITests.framework; sourceTree = BUILT_PRODUCTS_DIR; };
		7C0428A1D586BCE19A8ECD27 /* Pods_RxMVVM2Tests.framework */ = {isa = PBXFileReference; explicitFileType = wrapper.framework; includeInIndex = 0; path = Pods_RxMVVM2Tests.framework; sourceTree = BUILT_PRODUCTS_DIR; };
		7F1CB6F71AA2C3244B9A2572 /* Pods-RxMVVM2Tests.debug.xcconfig */ = {isa = PBXFileReference; includeInIndex = 1; lastKnownFileType = text.xcconfig; name = "Pods-RxMVVM2Tests.debug.xcconfig"; path = "Pods/Target Support Files/Pods-RxMVVM2Tests/Pods-RxMVVM2Tests.debug.xcconfig"; sourceTree = "<group>"; };
		923479F433C9DD60F4B83F2C /* Pods-RxMVVM2.release.xcconfig */ = {isa = PBXFileReference; includeInIndex = 1; lastKnownFileType = text.xcconfig; name = "Pods-RxMVVM2.release.xcconfig"; path = "Pods/Target Support Files/Pods-RxMVVM2/Pods-RxMVVM2.release.xcconfig"; sourceTree = "<group>"; };
		B6AB296B330D3AB6F12EB4BA /* Pods_RxMVVM2.framework */ = {isa = PBXFileReference; explicitFileType = wrapper.framework; includeInIndex = 0; path = Pods_RxMVVM2.framework; sourceTree = BUILT_PRODUCTS_DIR; };
		BDCC0757CBA44862C5E07284 /* Pods-RxMVVM2Tests.release.xcconfig */ = {isa = PBXFileReference; includeInIndex = 1; lastKnownFileType = text.xcconfig; name = "Pods-RxMVVM2Tests.release.xcconfig"; path = "Pods/Target Support Files/Pods-RxMVVM2Tests/Pods-RxMVVM2Tests.release.xcconfig"; sourceTree = "<group>"; };
		CFF1EEB0ADF1D0E1EDECA9A8 /* Pods-RxMVVM2UITests.debug.xcconfig */ = {isa = PBXFileReference; includeInIndex = 1; lastKnownFileType = text.xcconfig; name = "Pods-RxMVVM2UITests.debug.xcconfig"; path = "Pods/Target Support Files/Pods-RxMVVM2UITests/Pods-RxMVVM2UITests.debug.xcconfig"; sourceTree = "<group>"; };
		DE95D9E820DC388F003BCB02 /* RxMVVM2.app */ = {isa = PBXFileReference; explicitFileType = wrapper.application; includeInIndex = 0; path = RxMVVM2.app; sourceTree = BUILT_PRODUCTS_DIR; };
		DE95D9EB20DC388F003BCB02 /* AppDelegate.swift */ = {isa = PBXFileReference; lastKnownFileType = sourcecode.swift; path = AppDelegate.swift; sourceTree = "<group>"; };
		DE95D9ED20DC388F003BCB02 /* ViewController.swift */ = {isa = PBXFileReference; lastKnownFileType = sourcecode.swift; path = ViewController.swift; sourceTree = "<group>"; };
		DE95D9F020DC388F003BCB02 /* Base */ = {isa = PBXFileReference; lastKnownFileType = file.storyboard; name = Base; path = Base.lproj/Main.storyboard; sourceTree = "<group>"; };
		DE95D9F220DC3890003BCB02 /* Assets.xcassets */ = {isa = PBXFileReference; lastKnownFileType = folder.assetcatalog; path = Assets.xcassets; sourceTree = "<group>"; };
		DE95D9F520DC3890003BCB02 /* Base */ = {isa = PBXFileReference; lastKnownFileType = file.storyboard; name = Base; path = Base.lproj/LaunchScreen.storyboard; sourceTree = "<group>"; };
		DE95D9F720DC3890003BCB02 /* Info.plist */ = {isa = PBXFileReference; lastKnownFileType = text.plist.xml; path = Info.plist; sourceTree = "<group>"; };
		DE95D9FC20DC3890003BCB02 /* RxMVVM2Tests.xctest */ = {isa = PBXFileReference; explicitFileType = wrapper.cfbundle; includeInIndex = 0; path = RxMVVM2Tests.xctest; sourceTree = BUILT_PRODUCTS_DIR; };
		DE95DA0020DC3890003BCB02 /* RxMVVM2Tests.swift */ = {isa = PBXFileReference; lastKnownFileType = sourcecode.swift; path = RxMVVM2Tests.swift; sourceTree = "<group>"; };
		DE95DA0220DC3890003BCB02 /* Info.plist */ = {isa = PBXFileReference; lastKnownFileType = text.plist.xml; path = Info.plist; sourceTree = "<group>"; };
		DE95DA0720DC3890003BCB02 /* RxMVVM2UITests.xctest */ = {isa = PBXFileReference; explicitFileType = wrapper.cfbundle; includeInIndex = 0; path = RxMVVM2UITests.xctest; sourceTree = BUILT_PRODUCTS_DIR; };
		DE95DA0B20DC3890003BCB02 /* RxMVVM2UITests.swift */ = {isa = PBXFileReference; lastKnownFileType = sourcecode.swift; path = RxMVVM2UITests.swift; sourceTree = "<group>"; };
		DE95DA0D20DC3890003BCB02 /* Info.plist */ = {isa = PBXFileReference; lastKnownFileType = text.plist.xml; path = Info.plist; sourceTree = "<group>"; };
		DEB405CA20DC5FC200E8CAB4 /* TodoViewModel.swift */ = {isa = PBXFileReference; lastKnownFileType = sourcecode.swift; path = TodoViewModel.swift; sourceTree = "<group>"; };
		DEB405CC20DC634B00E8CAB4 /* TodoItemTableViewCell.swift */ = {isa = PBXFileReference; lastKnownFileType = sourcecode.swift; path = TodoItemTableViewCell.swift; sourceTree = "<group>"; };
		DEB405CD20DC634B00E8CAB4 /* TodoItemTableViewCell.xib */ = {isa = PBXFileReference; lastKnownFileType = file.xib; path = TodoItemTableViewCell.xib; sourceTree = "<group>"; };
		DEBFE41120DD773F00283934 /* StringExtensions.swift */ = {isa = PBXFileReference; lastKnownFileType = sourcecode.swift; path = StringExtensions.swift; sourceTree = "<group>"; };
		FA16E4AB3189054711535C33 /* Pods-RxMVVM2UITests.release.xcconfig */ = {isa = PBXFileReference; includeInIndex = 1; lastKnownFileType = text.xcconfig; name = "Pods-RxMVVM2UITests.release.xcconfig"; path = "Pods/Target Support Files/Pods-RxMVVM2UITests/Pods-RxMVVM2UITests.release.xcconfig"; sourceTree = "<group>"; };
/* End PBXFileReference section */

/* Begin PBXFrameworksBuildPhase section */
		DE95D9E520DC388F003BCB02 /* Frameworks */ = {
			isa = PBXFrameworksBuildPhase;
			buildActionMask = 2147483647;
			files = (
				691D3637A38CD3CA0AD7B722 /* Pods_RxMVVM2.framework in Frameworks */,
			);
			runOnlyForDeploymentPostprocessing = 0;
		};
		DE95D9F920DC3890003BCB02 /* Frameworks */ = {
			isa = PBXFrameworksBuildPhase;
			buildActionMask = 2147483647;
			files = (
				EF60852BB164E13FCF40242D /* Pods_RxMVVM2Tests.framework in Frameworks */,
			);
			runOnlyForDeploymentPostprocessing = 0;
		};
		DE95DA0420DC3890003BCB02 /* Frameworks */ = {
			isa = PBXFrameworksBuildPhase;
			buildActionMask = 2147483647;
			files = (
				F4082E1FBC7D50E4F37F22D5 /* Pods_RxMVVM2UITests.framework in Frameworks */,
			);
			runOnlyForDeploymentPostprocessing = 0;
		};
/* End PBXFrameworksBuildPhase section */

/* Begin PBXGroup section */
		485CD2A59ECF5ACA7FC6564C /* Pods */ = {
			isa = PBXGroup;
			children = (
				0CC2D74ADAE204BD76E75D93 /* Pods-RxMVVM2.debug.xcconfig */,
				923479F433C9DD60F4B83F2C /* Pods-RxMVVM2.release.xcconfig */,
				7F1CB6F71AA2C3244B9A2572 /* Pods-RxMVVM2Tests.debug.xcconfig */,
				BDCC0757CBA44862C5E07284 /* Pods-RxMVVM2Tests.release.xcconfig */,
				CFF1EEB0ADF1D0E1EDECA9A8 /* Pods-RxMVVM2UITests.debug.xcconfig */,
				FA16E4AB3189054711535C33 /* Pods-RxMVVM2UITests.release.xcconfig */,
			);
			name = Pods;
			sourceTree = "<group>";
		};
		6AEB26580359DE54EE5EFB8A /* Frameworks */ = {
			isa = PBXGroup;
			children = (
				B6AB296B330D3AB6F12EB4BA /* Pods_RxMVVM2.framework */,
				7C0428A1D586BCE19A8ECD27 /* Pods_RxMVVM2Tests.framework */,
				11EEE2EF625FB9C5A9508E5A /* Pods_RxMVVM2UITests.framework */,
			);
			name = Frameworks;
			sourceTree = "<group>";
		};
		DE95D9DF20DC388F003BCB02 = {
			isa = PBXGroup;
			children = (
				DE95D9EA20DC388F003BCB02 /* RxMVVM2 */,
				DE95D9FF20DC3890003BCB02 /* RxMVVM2Tests */,
				DE95DA0A20DC3890003BCB02 /* RxMVVM2UITests */,
				DE95D9E920DC388F003BCB02 /* Products */,
				485CD2A59ECF5ACA7FC6564C /* Pods */,
				6AEB26580359DE54EE5EFB8A /* Frameworks */,
			);
			sourceTree = "<group>";
		};
		DE95D9E920DC388F003BCB02 /* Products */ = {
			isa = PBXGroup;
			children = (
				DE95D9E820DC388F003BCB02 /* RxMVVM2.app */,
				DE95D9FC20DC3890003BCB02 /* RxMVVM2Tests.xctest */,
				DE95DA0720DC3890003BCB02 /* RxMVVM2UITests.xctest */,
			);
			name = Products;
			sourceTree = "<group>";
		};
		DE95D9EA20DC388F003BCB02 /* RxMVVM2 */ = {
			isa = PBXGroup;
			children = (
				DEBFE41020DD773200283934 /* Extensions */,
				DE95D9EB20DC388F003BCB02 /* AppDelegate.swift */,
				DE95D9ED20DC388F003BCB02 /* ViewController.swift */,
				DE95D9EF20DC388F003BCB02 /* Main.storyboard */,
				DE95D9F220DC3890003BCB02 /* Assets.xcassets */,
				DE95D9F420DC3890003BCB02 /* LaunchScreen.storyboard */,
				DE95D9F720DC3890003BCB02 /* Info.plist */,
				DEB405CA20DC5FC200E8CAB4 /* TodoViewModel.swift */,
				DEB405CC20DC634B00E8CAB4 /* TodoItemTableViewCell.swift */,
				DEB405CD20DC634B00E8CAB4 /* TodoItemTableViewCell.xib */,
			);
			path = RxMVVM2;
			sourceTree = "<group>";
		};
		DE95D9FF20DC3890003BCB02 /* RxMVVM2Tests */ = {
			isa = PBXGroup;
			children = (
				DE95DA0020DC3890003BCB02 /* RxMVVM2Tests.swift */,
				DE95DA0220DC3890003BCB02 /* Info.plist */,
			);
			path = RxMVVM2Tests;
			sourceTree = "<group>";
		};
		DE95DA0A20DC3890003BCB02 /* RxMVVM2UITests */ = {
			isa = PBXGroup;
			children = (
				DE95DA0B20DC3890003BCB02 /* RxMVVM2UITests.swift */,
				DE95DA0D20DC3890003BCB02 /* Info.plist */,
			);
			path = RxMVVM2UITests;
			sourceTree = "<group>";
		};
		DEBFE41020DD773200283934 /* Extensions */ = {
			isa = PBXGroup;
			children = (
				DEBFE41120DD773F00283934 /* StringExtensions.swift */,
			);
			path = Extensions;
			sourceTree = "<group>";
		};
/* End PBXGroup section */

/* Begin PBXNativeTarget section */
		DE95D9E720DC388F003BCB02 /* RxMVVM2 */ = {
			isa = PBXNativeTarget;
			buildConfigurationList = DE95DA1020DC3890003BCB02 /* Build configuration list for PBXNativeTarget "RxMVVM2" */;
			buildPhases = (
				035BA1823FB343EF55CE3DD0 /* [CP] Check Pods Manifest.lock */,
				DE95D9E420DC388F003BCB02 /* Sources */,
				DE95D9E520DC388F003BCB02 /* Frameworks */,
				DE95D9E620DC388F003BCB02 /* Resources */,
				96A41CBA50BAB854472DEAA2 /* [CP] Embed Pods Frameworks */,
			);
			buildRules = (
			);
			dependencies = (
			);
			name = RxMVVM2;
			productName = RxMVVM2;
			productReference = DE95D9E820DC388F003BCB02 /* RxMVVM2.app */;
			productType = "com.apple.product-type.application";
		};
		DE95D9FB20DC3890003BCB02 /* RxMVVM2Tests */ = {
			isa = PBXNativeTarget;
			buildConfigurationList = DE95DA1320DC3890003BCB02 /* Build configuration list for PBXNativeTarget "RxMVVM2Tests" */;
			buildPhases = (
				8D45B13AC3183E576FAA0E34 /* [CP] Check Pods Manifest.lock */,
				DE95D9F820DC3890003BCB02 /* Sources */,
				DE95D9F920DC3890003BCB02 /* Frameworks */,
				DE95D9FA20DC3890003BCB02 /* Resources */,
			);
			buildRules = (
			);
			dependencies = (
				DE95D9FE20DC3890003BCB02 /* PBXTargetDependency */,
			);
			name = RxMVVM2Tests;
			productName = RxMVVM2Tests;
			productReference = DE95D9FC20DC3890003BCB02 /* RxMVVM2Tests.xctest */;
			productType = "com.apple.product-type.bundle.unit-test";
		};
		DE95DA0620DC3890003BCB02 /* RxMVVM2UITests */ = {
			isa = PBXNativeTarget;
			buildConfigurationList = DE95DA1620DC3890003BCB02 /* Build configuration list for PBXNativeTarget "RxMVVM2UITests" */;
			buildPhases = (
				BEB7032F9F85E416834DD7BF /* [CP] Check Pods Manifest.lock */,
				DE95DA0320DC3890003BCB02 /* Sources */,
				DE95DA0420DC3890003BCB02 /* Frameworks */,
				DE95DA0520DC3890003BCB02 /* Resources */,
			);
			buildRules = (
			);
			dependencies = (
				DE95DA0920DC3890003BCB02 /* PBXTargetDependency */,
			);
			name = RxMVVM2UITests;
			productName = RxMVVM2UITests;
			productReference = DE95DA0720DC3890003BCB02 /* RxMVVM2UITests.xctest */;
			productType = "com.apple.product-type.bundle.ui-testing";
		};
/* End PBXNativeTarget section */

/* Begin PBXProject section */
		DE95D9E020DC388F003BCB02 /* Project object */ = {
			isa = PBXProject;
			attributes = {
				LastSwiftUpdateCheck = 0940;
				LastUpgradeCheck = 0940;
				ORGANIZATIONNAME = "Lucas Soares";
				TargetAttributes = {
					DE95D9E720DC388F003BCB02 = {
						CreatedOnToolsVersion = 9.4.1;
					};
					DE95D9FB20DC3890003BCB02 = {
						CreatedOnToolsVersion = 9.4.1;
						TestTargetID = DE95D9E720DC388F003BCB02;
					};
					DE95DA0620DC3890003BCB02 = {
						CreatedOnToolsVersion = 9.4.1;
						TestTargetID = DE95D9E720DC388F003BCB02;
					};
				};
			};
			buildConfigurationList = DE95D9E320DC388F003BCB02 /* Build configuration list for PBXProject "RxMVVM2" */;
			compatibilityVersion = "Xcode 9.3";
			developmentRegion = en;
			hasScannedForEncodings = 0;
			knownRegions = (
				en,
				Base,
			);
			mainGroup = DE95D9DF20DC388F003BCB02;
			productRefGroup = DE95D9E920DC388F003BCB02 /* Products */;
			projectDirPath = "";
			projectRoot = "";
			targets = (
				DE95D9E720DC388F003BCB02 /* RxMVVM2 */,
				DE95D9FB20DC3890003BCB02 /* RxMVVM2Tests */,
				DE95DA0620DC3890003BCB02 /* RxMVVM2UITests */,
			);
		};
/* End PBXProject section */

/* Begin PBXResourcesBuildPhase section */
		DE95D9E620DC388F003BCB02 /* Resources */ = {
			isa = PBXResourcesBuildPhase;
			buildActionMask = 2147483647;
			files = (
				DE95D9F620DC3890003BCB02 /* LaunchScreen.storyboard in Resources */,
				DE95D9F320DC3890003BCB02 /* Assets.xcassets in Resources */,
				DEB405CF20DC634B00E8CAB4 /* TodoItemTableViewCell.xib in Resources */,
				DE95D9F120DC388F003BCB02 /* Main.storyboard in Resources */,
			);
			runOnlyForDeploymentPostprocessing = 0;
		};
		DE95D9FA20DC3890003BCB02 /* Resources */ = {
			isa = PBXResourcesBuildPhase;
			buildActionMask = 2147483647;
			files = (
			);
			runOnlyForDeploymentPostprocessing = 0;
		};
		DE95DA0520DC3890003BCB02 /* Resources */ = {
			isa = PBXResourcesBuildPhase;
			buildActionMask = 2147483647;
			files = (
			);
			runOnlyForDeploymentPostprocessing = 0;
		};
/* End PBXResourcesBuildPhase section */

/* Begin PBXShellScriptBuildPhase section */
		035BA1823FB343EF55CE3DD0 /* [CP] Check Pods Manifest.lock */ = {
			isa = PBXShellScriptBuildPhase;
			buildActionMask = 2147483647;
			files = (
			);
			inputPaths = (
				"${PODS_PODFILE_DIR_PATH}/Podfile.lock",
				"${PODS_ROOT}/Manifest.lock",
			);
			name = "[CP] Check Pods Manifest.lock";
			outputPaths = (
				"$(DERIVED_FILE_DIR)/Pods-RxMVVM2-checkManifestLockResult.txt",
			);
			runOnlyForDeploymentPostprocessing = 0;
			shellPath = /bin/sh;
			shellScript = "diff \"${PODS_PODFILE_DIR_PATH}/Podfile.lock\" \"${PODS_ROOT}/Manifest.lock\" > /dev/null\nif [ $? != 0 ] ; then\n    # print error to STDERR\n    echo \"error: The sandbox is not in sync with the Podfile.lock. Run 'pod install' or update your CocoaPods installation.\" >&2\n    exit 1\nfi\n# This output is used by Xcode 'outputs' to avoid re-running this script phase.\necho \"SUCCESS\" > \"${SCRIPT_OUTPUT_FILE_0}\"\n";
			showEnvVarsInLog = 0;
		};
		8D45B13AC3183E576FAA0E34 /* [CP] Check Pods Manifest.lock */ = {
			isa = PBXShellScriptBuildPhase;
			buildActionMask = 2147483647;
			files = (
			);
			inputPaths = (
				"${PODS_PODFILE_DIR_PATH}/Podfile.lock",
				"${PODS_ROOT}/Manifest.lock",
			);
			name = "[CP] Check Pods Manifest.lock";
			outputPaths = (
				"$(DERIVED_FILE_DIR)/Pods-RxMVVM2Tests-checkManifestLockResult.txt",
			);
			runOnlyForDeploymentPostprocessing = 0;
			shellPath = /bin/sh;
			shellScript = "diff \"${PODS_PODFILE_DIR_PATH}/Podfile.lock\" \"${PODS_ROOT}/Manifest.lock\" > /dev/null\nif [ $? != 0 ] ; then\n    # print error to STDERR\n    echo \"error: The sandbox is not in sync with the Podfile.lock. Run 'pod install' or update your CocoaPods installation.\" >&2\n    exit 1\nfi\n# This output is used by Xcode 'outputs' to avoid re-running this script phase.\necho \"SUCCESS\" > \"${SCRIPT_OUTPUT_FILE_0}\"\n";
			showEnvVarsInLog = 0;
		};
		96A41CBA50BAB854472DEAA2 /* [CP] Embed Pods Frameworks */ = {
			isa = PBXShellScriptBuildPhase;
			buildActionMask = 2147483647;
			files = (
			);
			inputPaths = (
				"${SRCROOT}/Pods/Target Support Files/Pods-RxMVVM2/Pods-RxMVVM2-frameworks.sh",
				"${BUILT_PRODUCTS_DIR}/RxCocoa/RxCocoa.framework",
				"${BUILT_PRODUCTS_DIR}/RxSwift/RxSwift.framework",
			);
			name = "[CP] Embed Pods Frameworks";
			outputPaths = (
				"${TARGET_BUILD_DIR}/${FRAMEWORKS_FOLDER_PATH}/RxCocoa.framework",
				"${TARGET_BUILD_DIR}/${FRAMEWORKS_FOLDER_PATH}/RxSwift.framework",
			);
			runOnlyForDeploymentPostprocessing = 0;
			shellPath = /bin/sh;
			shellScript = "\"${SRCROOT}/Pods/Target Support Files/Pods-RxMVVM2/Pods-RxMVVM2-frameworks.sh\"\n";
			showEnvVarsInLog = 0;
		};
		BEB7032F9F85E416834DD7BF /* [CP] Check Pods Manifest.lock */ = {
			isa = PBXShellScriptBuildPhase;
			buildActionMask = 2147483647;
			files = (
			);
			inputPaths = (
				"${PODS_PODFILE_DIR_PATH}/Podfile.lock",
				"${PODS_ROOT}/Manifest.lock",
			);
			name = "[CP] Check Pods Manifest.lock";
			outputPaths = (
				"$(DERIVED_FILE_DIR)/Pods-RxMVVM2UITests-checkManifestLockResult.txt",
			);
			runOnlyForDeploymentPostprocessing = 0;
			shellPath = /bin/sh;
			shellScript = "diff \"${PODS_PODFILE_DIR_PATH}/Podfile.lock\" \"${PODS_ROOT}/Manifest.lock\" > /dev/null\nif [ $? != 0 ] ; then\n    # print error to STDERR\n    echo \"error: The sandbox is not in sync with the Podfile.lock. Run 'pod install' or update your CocoaPods installation.\" >&2\n    exit 1\nfi\n# This output is used by Xcode 'outputs' to avoid re-running this script phase.\necho \"SUCCESS\" > \"${SCRIPT_OUTPUT_FILE_0}\"\n";
			showEnvVarsInLog = 0;
		};
/* End PBXShellScriptBuildPhase section */

/* Begin PBXSourcesBuildPhase section */
		DE95D9E420DC388F003BCB02 /* Sources */ = {
			isa = PBXSourcesBuildPhase;
			buildActionMask = 2147483647;
			files = (
				DEB405CB20DC5FC200E8CAB4 /* TodoViewModel.swift in Sources */,
				DE95D9EE20DC388F003BCB02 /* ViewController.swift in Sources */,
				DEBFE41220DD773F00283934 /* StringExtensions.swift in Sources */,
				DEB405CE20DC634B00E8CAB4 /* TodoItemTableViewCell.swift in Sources */,
				DE95D9EC20DC388F003BCB02 /* AppDelegate.swift in Sources */,
			);
			runOnlyForDeploymentPostprocessing = 0;
		};
		DE95D9F820DC3890003BCB02 /* Sources */ = {
			isa = PBXSourcesBuildPhase;
			buildActionMask = 2147483647;
			files = (
				DE95DA0120DC3890003BCB02 /* RxMVVM2Tests.swift in Sources */,
			);
			runOnlyForDeploymentPostprocessing = 0;
		};
		DE95DA0320DC3890003BCB02 /* Sources */ = {
			isa = PBXSourcesBuildPhase;
			buildActionMask = 2147483647;
			files = (
				DE95DA0C20DC3890003BCB02 /* RxMVVM2UITests.swift in Sources */,
			);
			runOnlyForDeploymentPostprocessing = 0;
		};
/* End PBXSourcesBuildPhase section */

/* Begin PBXTargetDependency section */
		DE95D9FE20DC3890003BCB02 /* PBXTargetDependency */ = {
			isa = PBXTargetDependency;
			target = DE95D9E720DC388F003BCB02 /* RxMVVM2 */;
			targetProxy = DE95D9FD20DC3890003BCB02 /* PBXContainerItemProxy */;
		};
		DE95DA0920DC3890003BCB02 /* PBXTargetDependency */ = {
			isa = PBXTargetDependency;
			target = DE95D9E720DC388F003BCB02 /* RxMVVM2 */;
			targetProxy = DE95DA0820DC3890003BCB02 /* PBXContainerItemProxy */;
		};
/* End PBXTargetDependency section */

/* Begin PBXVariantGroup section */
		DE95D9EF20DC388F003BCB02 /* Main.storyboard */ = {
			isa = PBXVariantGroup;
			children = (
				DE95D9F020DC388F003BCB02 /* Base */,
			);
			name = Main.storyboard;
			sourceTree = "<group>";
		};
		DE95D9F420DC3890003BCB02 /* LaunchScreen.storyboard */ = {
			isa = PBXVariantGroup;
			children = (
				DE95D9F520DC3890003BCB02 /* Base */,
			);
			name = LaunchScreen.storyboard;
			sourceTree = "<group>";
		};
/* End PBXVariantGroup section */

/* Begin XCBuildConfiguration section */
		DE95DA0E20DC3890003BCB02 /* Debug */ = {
			isa = XCBuildConfiguration;
			buildSettings = {
				ALWAYS_SEARCH_USER_PATHS = NO;
				CLANG_ANALYZER_NONNULL = YES;
				CLANG_ANALYZER_NUMBER_OBJECT_CONVERSION = YES_AGGRESSIVE;
				CLANG_CXX_LANGUAGE_STANDARD = "gnu++14";
				CLANG_CXX_LIBRARY = "libc++";
				CLANG_ENABLE_MODULES = YES;
				CLANG_ENABLE_OBJC_ARC = YES;
				CLANG_ENABLE_OBJC_WEAK = YES;
				CLANG_WARN_BLOCK_CAPTURE_AUTORELEASING = YES;
				CLANG_WARN_BOOL_CONVERSION = YES;
				CLANG_WARN_COMMA = YES;
				CLANG_WARN_CONSTANT_CONVERSION = YES;
				CLANG_WARN_DEPRECATED_OBJC_IMPLEMENTATIONS = YES;
				CLANG_WARN_DIRECT_OBJC_ISA_USAGE = YES_ERROR;
				CLANG_WARN_DOCUMENTATION_COMMENTS = YES;
				CLANG_WARN_EMPTY_BODY = YES;
				CLANG_WARN_ENUM_CONVERSION = YES;
				CLANG_WARN_INFINITE_RECURSION = YES;
				CLANG_WARN_INT_CONVERSION = YES;
				CLANG_WARN_NON_LITERAL_NULL_CONVERSION = YES;
				CLANG_WARN_OBJC_IMPLICIT_RETAIN_SELF = YES;
				CLANG_WARN_OBJC_LITERAL_CONVERSION = YES;
				CLANG_WARN_OBJC_ROOT_CLASS = YES_ERROR;
				CLANG_WARN_RANGE_LOOP_ANALYSIS = YES;
				CLANG_WARN_STRICT_PROTOTYPES = YES;
				CLANG_WARN_SUSPICIOUS_MOVE = YES;
				CLANG_WARN_UNGUARDED_AVAILABILITY = YES_AGGRESSIVE;
				CLANG_WARN_UNREACHABLE_CODE = YES;
				CLANG_WARN__DUPLICATE_METHOD_MATCH = YES;
				CODE_SIGN_IDENTITY = "iPhone Developer";
				COPY_PHASE_STRIP = NO;
				DEBUG_INFORMATION_FORMAT = dwarf;
				ENABLE_STRICT_OBJC_MSGSEND = YES;
				ENABLE_TESTABILITY = YES;
				GCC_C_LANGUAGE_STANDARD = gnu11;
				GCC_DYNAMIC_NO_PIC = NO;
				GCC_NO_COMMON_BLOCKS = YES;
				GCC_OPTIMIZATION_LEVEL = 0;
				GCC_PREPROCESSOR_DEFINITIONS = (
					"DEBUG=1",
					"$(inherited)",
				);
				GCC_WARN_64_TO_32_BIT_CONVERSION = YES;
				GCC_WARN_ABOUT_RETURN_TYPE = YES_ERROR;
				GCC_WARN_UNDECLARED_SELECTOR = YES;
				GCC_WARN_UNINITIALIZED_AUTOS = YES_AGGRESSIVE;
				GCC_WARN_UNUSED_FUNCTION = YES;
				GCC_WARN_UNUSED_VARIABLE = YES;
				IPHONEOS_DEPLOYMENT_TARGET = 11.4;
				MTL_ENABLE_DEBUG_INFO = YES;
				ONLY_ACTIVE_ARCH = YES;
				SDKROOT = iphoneos;
				SWIFT_ACTIVE_COMPILATION_CONDITIONS = DEBUG;
				SWIFT_OPTIMIZATION_LEVEL = "-Onone";
			};
			name = Debug;
		};
		DE95DA0F20DC3890003BCB02 /* Release */ = {
			isa = XCBuildConfiguration;
			buildSettings = {
				ALWAYS_SEARCH_USER_PATHS = NO;
				CLANG_ANALYZER_NONNULL = YES;
				CLANG_ANALYZER_NUMBER_OBJECT_CONVERSION = YES_AGGRESSIVE;
				CLANG_CXX_LANGUAGE_STANDARD = "gnu++14";
				CLANG_CXX_LIBRARY = "libc++";
				CLANG_ENABLE_MODULES = YES;
				CLANG_ENABLE_OBJC_ARC = YES;
				CLANG_ENABLE_OBJC_WEAK = YES;
				CLANG_WARN_BLOCK_CAPTURE_AUTORELEASING = YES;
				CLANG_WARN_BOOL_CONVERSION = YES;
				CLANG_WARN_COMMA = YES;
				CLANG_WARN_CONSTANT_CONVERSION = YES;
				CLANG_WARN_DEPRECATED_OBJC_IMPLEMENTATIONS = YES;
				CLANG_WARN_DIRECT_OBJC_ISA_USAGE = YES_ERROR;
				CLANG_WARN_DOCUMENTATION_COMMENTS = YES;
				CLANG_WARN_EMPTY_BODY = YES;
				CLANG_WARN_ENUM_CONVERSION = YES;
				CLANG_WARN_INFINITE_RECURSION = YES;
				CLANG_WARN_INT_CONVERSION = YES;
				CLANG_WARN_NON_LITERAL_NULL_CONVERSION = YES;
				CLANG_WARN_OBJC_IMPLICIT_RETAIN_SELF = YES;
				CLANG_WARN_OBJC_LITERAL_CONVERSION = YES;
				CLANG_WARN_OBJC_ROOT_CLASS = YES_ERROR;
				CLANG_WARN_RANGE_LOOP_ANALYSIS = YES;
				CLANG_WARN_STRICT_PROTOTYPES = YES;
				CLANG_WARN_SUSPICIOUS_MOVE = YES;
				CLANG_WARN_UNGUARDED_AVAILABILITY = YES_AGGRESSIVE;
				CLANG_WARN_UNREACHABLE_CODE = YES;
				CLANG_WARN__DUPLICATE_METHOD_MATCH = YES;
				CODE_SIGN_IDENTITY = "iPhone Developer";
				COPY_PHASE_STRIP = NO;
				DEBUG_INFORMATION_FORMAT = "dwarf-with-dsym";
				ENABLE_NS_ASSERTIONS = NO;
				ENABLE_STRICT_OBJC_MSGSEND = YES;
				GCC_C_LANGUAGE_STANDARD = gnu11;
				GCC_NO_COMMON_BLOCKS = YES;
				GCC_WARN_64_TO_32_BIT_CONVERSION = YES;
				GCC_WARN_ABOUT_RETURN_TYPE = YES_ERROR;
				GCC_WARN_UNDECLARED_SELECTOR = YES;
				GCC_WARN_UNINITIALIZED_AUTOS = YES_AGGRESSIVE;
				GCC_WARN_UNUSED_FUNCTION = YES;
				GCC_WARN_UNUSED_VARIABLE = YES;
				IPHONEOS_DEPLOYMENT_TARGET = 11.4;
				MTL_ENABLE_DEBUG_INFO = NO;
				SDKROOT = iphoneos;
				SWIFT_COMPILATION_MODE = wholemodule;
				SWIFT_OPTIMIZATION_LEVEL = "-O";
				VALIDATE_PRODUCT = YES;
			};
			name = Release;
		};
		DE95DA1120DC3890003BCB02 /* Debug */ = {
			isa = XCBuildConfiguration;
			baseConfigurationReference = 0CC2D74ADAE204BD76E75D93 /* Pods-RxMVVM2.debug.xcconfig */;
			buildSettings = {
				ASSETCATALOG_COMPILER_APPICON_NAME = AppIcon;
				CODE_SIGN_STYLE = Automatic;
				DEVELOPMENT_TEAM = LZ55Q48Z5Y;
				INFOPLIST_FILE = RxMVVM2/Info.plist;
				LD_RUNPATH_SEARCH_PATHS = (
					"$(inherited)",
					"@executable_path/Frameworks",
				);
				PRODUCT_BUNDLE_IDENTIFIER = "Networking-with-RxSwift";
				PRODUCT_NAME = "$(TARGET_NAME)";
				SWIFT_VERSION = 4.0;
				TARGETED_DEVICE_FAMILY = "1,2";
			};
			name = Debug;
		};
		DE95DA1220DC3890003BCB02 /* Release */ = {
			isa = XCBuildConfiguration;
			baseConfigurationReference = 923479F433C9DD60F4B83F2C /* Pods-RxMVVM2.release.xcconfig */;
			buildSettings = {
				ASSETCATALOG_COMPILER_APPICON_NAME = AppIcon;
				CODE_SIGN_STYLE = Automatic;
				DEVELOPMENT_TEAM = LZ55Q48Z5Y;
				INFOPLIST_FILE = RxMVVM2/Info.plist;
				LD_RUNPATH_SEARCH_PATHS = (
					"$(inherited)",
					"@executable_path/Frameworks",
				);
				PRODUCT_BUNDLE_IDENTIFIER = "Networking-with-RxSwift";
				PRODUCT_NAME = "$(TARGET_NAME)";
				SWIFT_VERSION = 4.0;
				TARGETED_DEVICE_FAMILY = "1,2";
			};
			name = Release;
		};
		DE95DA1420DC3890003BCB02 /* Debug */ = {
			isa = XCBuildConfiguration;
			baseConfigurationReference = 7F1CB6F71AA2C3244B9A2572 /* Pods-RxMVVM2Tests.debug.xcconfig */;
			buildSettings = {
				ALWAYS_EMBED_SWIFT_STANDARD_LIBRARIES = YES;
				BUNDLE_LOADER = "$(TEST_HOST)";
				CODE_SIGN_STYLE = Automatic;
				DEVELOPMENT_TEAM = LZ55Q48Z5Y;
				INFOPLIST_FILE = RxMVVM2Tests/Info.plist;
				LD_RUNPATH_SEARCH_PATHS = (
					"$(inherited)",
					"@executable_path/Frameworks",
					"@loader_path/Frameworks",
				);
				PRODUCT_BUNDLE_IDENTIFIER = lucas.soares.RxMVVM2Tests;
				PRODUCT_NAME = "$(TARGET_NAME)";
				SWIFT_VERSION = 4.0;
				TARGETED_DEVICE_FAMILY = "1,2";
				TEST_HOST = "$(BUILT_PRODUCTS_DIR)/RxMVVM2.app/RxMVVM2";
			};
			name = Debug;
		};
		DE95DA1520DC3890003BCB02 /* Release */ = {
			isa = XCBuildConfiguration;
			baseConfigurationReference = BDCC0757CBA44862C5E07284 /* Pods-RxMVVM2Tests.release.xcconfig */;
			buildSettings = {
				ALWAYS_EMBED_SWIFT_STANDARD_LIBRARIES = YES;
				BUNDLE_LOADER = "$(TEST_HOST)";
				CODE_SIGN_STYLE = Automatic;
				DEVELOPMENT_TEAM = LZ55Q48Z5Y;
				INFOPLIST_FILE = RxMVVM2Tests/Info.plist;
				LD_RUNPATH_SEARCH_PATHS = (
					"$(inherited)",
					"@executable_path/Frameworks",
					"@loader_path/Frameworks",
				);
				PRODUCT_BUNDLE_IDENTIFIER = lucas.soares.RxMVVM2Tests;
				PRODUCT_NAME = "$(TARGET_NAME)";
				SWIFT_VERSION = 4.0;
				TARGETED_DEVICE_FAMILY = "1,2";
				TEST_HOST = "$(BUILT_PRODUCTS_DIR)/RxMVVM2.app/RxMVVM2";
			};
			name = Release;
		};
		DE95DA1720DC3890003BCB02 /* Debug */ = {
			isa = XCBuildConfiguration;
			baseConfigurationReference = CFF1EEB0ADF1D0E1EDECA9A8 /* Pods-RxMVVM2UITests.debug.xcconfig */;
			buildSettings = {
				ALWAYS_EMBED_SWIFT_STANDARD_LIBRARIES = YES;
				CODE_SIGN_STYLE = Automatic;
				DEVELOPMENT_TEAM = LZ55Q48Z5Y;
				INFOPLIST_FILE = RxMVVM2UITests/Info.plist;
				LD_RUNPATH_SEARCH_PATHS = (
					"$(inherited)",
					"@executable_path/Frameworks",
					"@loader_path/Frameworks",
				);
				PRODUCT_BUNDLE_IDENTIFIER = lucas.soares.RxMVVM2UITests;
				PRODUCT_NAME = "$(TARGET_NAME)";
				SWIFT_VERSION = 4.0;
				TARGETED_DEVICE_FAMILY = "1,2";
				TEST_TARGET_NAME = RxMVVM2;
			};
			name = Debug;
		};
		DE95DA1820DC3890003BCB02 /* Release */ = {
			isa = XCBuildConfiguration;
			baseConfigurationReference = FA16E4AB3189054711535C33 /* Pods-RxMVVM2UITests.release.xcconfig */;
			buildSettings = {
				ALWAYS_EMBED_SWIFT_STANDARD_LIBRARIES = YES;
				CODE_SIGN_STYLE = Automatic;
				DEVELOPMENT_TEAM = LZ55Q48Z5Y;
				INFOPLIST_FILE = RxMVVM2UITests/Info.plist;
				LD_RUNPATH_SEARCH_PATHS = (
					"$(inherited)",
					"@executable_path/Frameworks",
					"@loader_path/Frameworks",
				);
				PRODUCT_BUNDLE_IDENTIFIER = lucas.soares.RxMVVM2UITests;
				PRODUCT_NAME = "$(TARGET_NAME)";
				SWIFT_VERSION = 4.0;
				TARGETED_DEVICE_FAMILY = "1,2";
				TEST_TARGET_NAME = RxMVVM2;
			};
			name = Release;
		};
/* End XCBuildConfiguration section */

/* Begin XCConfigurationList section */
		DE95D9E320DC388F003BCB02 /* Build configuration list for PBXProject "RxMVVM2" */ = {
			isa = XCConfigurationList;
			buildConfigurations = (
				DE95DA0E20DC3890003BCB02 /* Debug */,
				DE95DA0F20DC3890003BCB02 /* Release */,
			);
			defaultConfigurationIsVisible = 0;
			defaultConfigurationName = Release;
		};
		DE95DA1020DC3890003BCB02 /* Build configuration list for PBXNativeTarget "RxMVVM2" */ = {
			isa = XCConfigurationList;
			buildConfigurations = (
				DE95DA1120DC3890003BCB02 /* Debug */,
				DE95DA1220DC3890003BCB02 /* Release */,
			);
			defaultConfigurationIsVisible = 0;
			defaultConfigurationName = Release;
		};
		DE95DA1320DC3890003BCB02 /* Build configuration list for PBXNativeTarget "RxMVVM2Tests" */ = {
			isa = XCConfigurationList;
			buildConfigurations = (
				DE95DA1420DC3890003BCB02 /* Debug */,
				DE95DA1520DC3890003BCB02 /* Release */,
			);
			defaultConfigurationIsVisible = 0;
			defaultConfigurationName = Release;
		};
		DE95DA1620DC3890003BCB02 /* Build configuration list for PBXNativeTarget "RxMVVM2UITests" */ = {
			isa = XCConfigurationList;
			buildConfigurations = (
				DE95DA1720DC3890003BCB02 /* Debug */,
				DE95DA1820DC3890003BCB02 /* Release */,
			);
			defaultConfigurationIsVisible = 0;
			defaultConfigurationName = Release;
		};
/* End XCConfigurationList section */
	};
	rootObject = DE95D9E020DC388F003BCB02 /* Project object */;
}
